
Microsoft Visual Studio Solution File, Format Version 12.00
# Visual Studio 15
VisualStudioVersion = 15.0.28307.329
MinimumVisualStudioVersion = 10.0.40219.1
Project("{FAE04EC0-301F-11D3-BF4B-00C04F79EFBC}") = "Vy", "Vy\Vy.csproj", "{BB6BDB41-EB85-4DA7-828B-FA9B548A3576}"
EndProject
Global
	GlobalSection(SolutionConfigurationPlatforms) = preSolution
		Debug|Any CPU = Debug|Any CPU
		Release|Any CPU = Release|Any CPU
	EndGlobalSection
	GlobalSection(ProjectConfigurationPlatforms) = postSolution
		{BB6BDB41-EB85-4DA7-828B-FA9B548A3576}.Debug|Any CPU.ActiveCfg = Debug|Any CPU
		{BB6BDB41-EB85-4DA7-828B-FA9B548A3576}.Debug|Any CPU.Build.0 = Debug|Any CPU
		{BB6BDB41-EB85-4DA7-828B-FA9B548A3576}.Release|Any CPU.ActiveCfg = Release|Any CPU
		{BB6BDB41-EB85-4DA7-828B-FA9B548A3576}.Release|Any CPU.Build.0 = Release|Any CPU
	EndGlobalSection
	GlobalSection(SolutionProperties) = preSolution
		HideSolutionNode = FALSE
	EndGlobalSection
	GlobalSection(ExtensibilityGlobals) = postSolution
		SolutionGuid = {BA520189-3E30-40E3-814A-66997E82D91A}
	EndGlobalSection
EndGlobal
